lockfileVersion: '9.0'

settings:
  autoInstallPeers: true
  excludeLinksFromLockfile: false

importers:

  .:
    dependencies:
      firebase:
        specifier: ^12.5.0
        version: 12.5.0

packages:

  '@firebase/ai@2.5.0':
    resolution: {integrity: sha512-OXv/jZLRjV9jTejWA4KOvW8gM1hNsLvQSCPwKhi2CEfe0Nap3rM6z+Ial0PGqXga0WgzhpypEvJOFvaAUFX3kg==}
    engines: {node: '>=20.0.0'}
    peerDependencies:
      '@firebase/app': 0.x
      '@firebase/app-types': 0.x

  '@firebase/analytics-compat@0.2.25':
    resolution: {integrity: sha512-fdzoaG0BEKbqksRDhmf4JoyZf16Wosrl0Y7tbZtJyVDOOwziE0vrFjmZuTdviL0yhak+Nco6rMsUUbkbD+qb6Q==}
    peerDependencies:
      '@firebase/app-compat': 0.x

  '@firebase/analytics-types@0.8.3':
    resolution: {integrity: sha512-VrIp/d8iq2g501qO46uGz3hjbDb8xzYMrbu8Tp0ovzIzrvJZ2fvmj649gTjge/b7cCCcjT0H37g1gVtlNhnkbg==}

  '@firebase/analytics@0.10.19':
    resolution: {integrity: sha512-3wU676fh60gaiVYQEEXsbGS4HbF2XsiBphyvvqDbtC1U4/dO4coshbYktcCHq+HFaGIK07iHOh4pME0hEq1fcg==}
    peerDependencies:
      '@firebase/app': 0.x

  '@firebase/app-check-compat@0.4.0':
    resolution: {integrity: sha512-UfK2Q8RJNjYM/8MFORltZRG9lJj11k0nW84rrffiKvcJxLf1jf6IEjCIkCamykHE73C6BwqhVfhIBs69GXQV0g==}
    engines: {node: '>=20.0.0'}
    peerDependencies:
      '@firebase/app-compat': 0.x

  '@firebase/app-check-interop-types@0.3.3':
    resolution: {integrity: sha512-gAlxfPLT2j8bTI/qfe3ahl2I2YcBQ8cFIBdhAQA4I2f3TndcO+22YizyGYuttLHPQEpWkhmpFW60VCFEPg4g5A==}

  '@firebase/app-check-types@0.5.3':
    resolution: {integrity: sha512-hyl5rKSj0QmwPdsAxrI5x1otDlByQ7bvNvVt8G/XPO2CSwE++rmSVf3VEhaeOR4J8ZFaF0Z0NDSmLejPweZ3ng==}

  '@firebase/app-check@0.11.0':
    resolution: {integrity: sha512-XAvALQayUMBJo58U/rxW02IhsesaxxfWVmVkauZvGEz3vOAjMEQnzFlyblqkc2iAaO82uJ2ZVyZv9XzPfxjJ6w==}
    engines: {node: '>=20.0.0'}
    peerDependencies:
      '@firebase/app': 0.x

  '@firebase/app-compat@0.5.5':
    resolution: {integrity: sha512-lVG/nRnXaot0rQSZazmTNqy83ti9O3+kdwoaE0d5wahRIWNoDirbIMcGVjDDgdmf4IE6FYreWOMh0L3DV1475w==}
    engines: {node: '>=20.0.0'}

  '@firebase/app-types@0.9.3':
    resolution: {integrity: sha512-kRVpIl4vVGJ4baogMDINbyrIOtOxqhkZQg4jTq3l8Lw6WSk0xfpEYzezFu+Kl4ve4fbPl79dvwRtaFqAC/ucCw==}

  '@firebase/app@0.14.5':
    resolution: {integrity: sha512-zyNY77xJOGwcuB+xCxF8z8lSiHvD4ox7BCsqLEHEvgqQoRjxFZ0fkROR6NV5QyXmCqRLodMM8J5d2EStOocWIw==}
    engines: {node: '>=20.0.0'}

  '@firebase/auth-compat@0.6.1':
    resolution: {integrity: sha512-I0o2ZiZMnMTOQfqT22ur+zcGDVSAfdNZBHo26/Tfi8EllfR1BO7aTVo2rt/ts8o/FWsK8pOALLeVBGhZt8w/vg==}
    engines: {node: '>=20.0.0'}
    peerDependencies:
      '@firebase/app-compat': 0.x

  '@firebase/auth-interop-types@0.2.4':
    resolution: {integrity: sha512-JPgcXKCuO+CWqGDnigBtvo09HeBs5u/Ktc2GaFj2m01hLarbxthLNm7Fk8iOP1aqAtXV+fnnGj7U28xmk7IwVA==}

  '@firebase/auth-types@0.13.0':
    resolution: {integrity: sha512-S/PuIjni0AQRLF+l9ck0YpsMOdE8GO2KU6ubmBB7P+7TJUCQDa3R1dlgYm9UzGbbePMZsp0xzB93f2b/CgxMOg==}
    peerDependencies:
      '@firebase/app-types': 0.x
      '@firebase/util': 1.x

  '@firebase/auth@1.11.1':
    resolution: {integrity: sha512-Mea0G/BwC1D0voSG+60Ylu3KZchXAFilXQ/hJXWCw3gebAu+RDINZA0dJMNeym7HFxBaBaByX8jSa7ys5+F2VA==}
    engines: {node: '>=20.0.0'}
    peerDependencies:
      '@firebase/app': 0.x
      '@react-native-async-storage/async-storage': ^1.18.1
    peerDependenciesMeta:
      '@react-native-async-storage/async-storage':
        optional: true

  '@firebase/component@0.7.0':
    resolution: {integrity: sha512-wR9En2A+WESUHexjmRHkqtaVH94WLNKt6rmeqZhSLBybg4Wyf0Umk04SZsS6sBq4102ZsDBFwoqMqJYj2IoDSg==}
    engines: {node: '>=20.0.0'}

  '@firebase/data-connect@0.3.11':
    resolution: {integrity: sha512-G258eLzAD6im9Bsw+Qm1Z+P4x0PGNQ45yeUuuqe5M9B1rn0RJvvsQCRHXgE52Z+n9+WX1OJd/crcuunvOGc7Vw==}
    peerDependencies:
      '@firebase/app': 0.x

  '@firebase/database-compat@2.1.0':
    resolution: {integrity: sha512-8nYc43RqxScsePVd1qe1xxvWNf0OBnbwHxmXJ7MHSuuTVYFO3eLyLW3PiCKJ9fHnmIz4p4LbieXwz+qtr9PZDg==}
    engines: {node: '>=20.0.0'}

  '@firebase/database-types@1.0.16':
    resolution: {integrity: sha512-xkQLQfU5De7+SPhEGAXFBnDryUWhhlFXelEg2YeZOQMCdoe7dL64DDAd77SQsR+6uoXIZY5MB4y/inCs4GTfcw==}

  '@firebase/database@1.1.0':
    resolution: {integrity: sha512-gM6MJFae3pTyNLoc9VcJNuaUDej0ctdjn3cVtILo3D5lpp0dmUHHLFN/pUKe7ImyeB1KAvRlEYxvIHNF04Filg==}
    engines: {node: '>=20.0.0'}

  '@firebase/firestore-compat@0.4.2':
    resolution: {integrity: sha512-cy7ov6SpFBx+PHwFdOOjbI7kH00uNKmIFurAn560WiPCZXy9EMnil1SOG7VF4hHZKdenC+AHtL4r3fNpirpm0w==}
    engines: {node: '>=20.0.0'}
    peerDependencies:
      '@firebase/app-compat': 0.x

  '@firebase/firestore-types@3.0.3':
    resolution: {integrity: sha512-hD2jGdiWRxB/eZWF89xcK9gF8wvENDJkzpVFb4aGkzfEaKxVRD1kjz1t1Wj8VZEp2LCB53Yx1zD8mrhQu87R6Q==}
    peerDependencies:
      '@firebase/app-types': 0.x
      '@firebase/util': 1.x

  '@firebase/firestore@4.9.2':
    resolution: {integrity: sha512-iuA5+nVr/IV/Thm0Luoqf2mERUvK9g791FZpUJV1ZGXO6RL2/i/WFJUj5ZTVXy5pRjpWYO+ZzPcReNrlilmztA==}
    engines: {node: '>=20.0.0'}
    peerDependencies:
      '@firebase/app': 0.x

  '@firebase/functions-compat@0.4.1':
    resolution: {integrity: sha512-AxxUBXKuPrWaVNQ8o1cG1GaCAtXT8a0eaTDfqgS5VsRYLAR0ALcfqDLwo/QyijZj1w8Qf8n3Qrfy/+Im245hOQ==}
    engines: {node: '>=20.0.0'}
    peerDependencies:
      '@firebase/app-compat': 0.x

  '@firebase/functions-types@0.6.3':
    resolution: {integrity: sha512-EZoDKQLUHFKNx6VLipQwrSMh01A1SaL3Wg6Hpi//x6/fJ6Ee4hrAeswK99I5Ht8roiniKHw4iO0B1Oxj5I4plg==}

  '@firebase/functions@0.13.1':
    resolution: {integrity: sha512-sUeWSb0rw5T+6wuV2o9XNmh9yHxjFI9zVGFnjFi+n7drTEWpl7ZTz1nROgGrSu472r+LAaj+2YaSicD4R8wfbw==}
    engines: {node: '>=20.0.0'}
    peerDependencies:
      '@firebase/app': 0.x

  '@firebase/installations-compat@0.2.19':
    resolution: {integrity: sha512-khfzIY3EI5LePePo7vT19/VEIH1E3iYsHknI/6ek9T8QCozAZshWT9CjlwOzZrKvTHMeNcbpo/VSOSIWDSjWdQ==}
    peerDependencies:
      '@firebase/app-compat': 0.x

  '@firebase/installations-types@0.5.3':
    resolution: {integrity: sha512-2FJI7gkLqIE0iYsNQ1P751lO3hER+Umykel+TkLwHj6plzWVxqvfclPUZhcKFVQObqloEBTmpi2Ozn7EkCABAA==}
    peerDependencies:
      '@firebase/app-types': 0.x

  '@firebase/installations@0.6.19':
    resolution: {integrity: sha512-nGDmiwKLI1lerhwfwSHvMR9RZuIH5/8E3kgUWnVRqqL7kGVSktjLTWEMva7oh5yxQ3zXfIlIwJwMcaM5bK5j8Q==}
    peerDependencies:
      '@firebase/app': 0.x

  '@firebase/logger@0.5.0':
    resolution: {integrity: sha512-cGskaAvkrnh42b3BA3doDWeBmuHFO/Mx5A83rbRDYakPjO9bJtRL3dX7javzc2Rr/JHZf4HlterTW2lUkfeN4g==}
    engines: {node: '>=20.0.0'}

  '@firebase/messaging-compat@0.2.23':
    resolution: {integrity: sha512-SN857v/kBUvlQ9X/UjAqBoQ2FEaL1ZozpnmL1ByTe57iXkmnVVFm9KqAsTfmf+OEwWI4kJJe9NObtN/w22lUgg==}
    peerDependencies:
      '@firebase/app-compat': 0.x

  '@firebase/messaging-interop-types@0.2.3':
    resolution: {integrity: sha512-xfzFaJpzcmtDjycpDeCUj0Ge10ATFi/VHVIvEEjDNc3hodVBQADZ7BWQU7CuFpjSHE+eLuBI13z5F/9xOoGX8Q==}

  '@firebase/messaging@0.12.23':
    resolution: {integrity: sha512-cfuzv47XxqW4HH/OcR5rM+AlQd1xL/VhuaeW/wzMW1LFrsFcTn0GND/hak1vkQc2th8UisBcrkVcQAnOnKwYxg==}
    peerDependencies:
      '@firebase/app': 0.x

  '@firebase/performance-compat@0.2.22':
    resolution: {integrity: sha512-xLKxaSAl/FVi10wDX/CHIYEUP13jXUjinL+UaNXT9ByIvxII5Ne5150mx6IgM8G6Q3V+sPiw9C8/kygkyHUVxg==}
    peerDependencies:
      '@firebase/app-compat': 0.x

  '@firebase/performance-types@0.2.3':
    resolution: {integrity: sha512-IgkyTz6QZVPAq8GSkLYJvwSLr3LS9+V6vNPQr0x4YozZJiLF5jYixj0amDtATf1X0EtYHqoPO48a9ija8GocxQ==}

  '@firebase/performance@0.7.9':
    resolution: {integrity: sha512-UzybENl1EdM2I1sjYm74xGt/0JzRnU/0VmfMAKo2LSpHJzaj77FCLZXmYQ4oOuE+Pxtt8Wy2BVJEENiZkaZAzQ==}
    peerDependencies:
      '@firebase/app': 0.x

  '@firebase/remote-config-compat@0.2.20':
    resolution: {integrity: sha512-P/ULS9vU35EL9maG7xp66uljkZgcPMQOxLj3Zx2F289baTKSInE6+YIkgHEi1TwHoddC/AFePXPpshPlEFkbgg==}
    peerDependencies:
      '@firebase/app-compat': 0.x

  '@firebase/remote-config-types@0.5.0':
    resolution: {integrity: sha512-vI3bqLoF14L/GchtgayMiFpZJF+Ao3uR8WCde0XpYNkSokDpAKca2DxvcfeZv7lZUqkUwQPL2wD83d3vQ4vvrg==}

  '@firebase/remote-config@0.7.0':
    resolution: {integrity: sha512-dX95X6WlW7QlgNd7aaGdjAIZUiQkgWgNS+aKNu4Wv92H1T8Ue/NDUjZHd9xb8fHxLXIHNZeco9/qbZzr500MjQ==}
    peerDependencies:
      '@firebase/app': 0.x

  '@firebase/storage-compat@0.4.0':
    resolution: {integrity: sha512-vDzhgGczr1OfcOy285YAPur5pWDEvD67w4thyeCUh6Ys0izN9fNYtA1MJERmNBfqjqu0lg0FM5GLbw0Il21M+g==}
    engines: {node: '>=20.0.0'}
    peerDependencies:
      '@firebase/app-compat': 0.x

  '@firebase/storage-types@0.8.3':
    resolution: {integrity: sha512-+Muk7g9uwngTpd8xn9OdF/D48uiQ7I1Fae7ULsWPuKoCH3HU7bfFPhxtJYzyhjdniowhuDpQcfPmuNRAqZEfvg==}
    peerDependencies:
      '@firebase/app-types': 0.x
      '@firebase/util': 1.x

  '@firebase/storage@0.14.0':
    resolution: {integrity: sha512-xWWbb15o6/pWEw8H01UQ1dC5U3rf8QTAzOChYyCpafV6Xki7KVp3Yaw2nSklUwHEziSWE9KoZJS7iYeyqWnYFA==}
    engines: {node: '>=20.0.0'}
    peerDependencies:
      '@firebase/app': 0.x

  '@firebase/util@1.13.0':
    resolution: {integrity: sha512-0AZUyYUfpMNcztR5l09izHwXkZpghLgCUaAGjtMwXnCg3bj4ml5VgiwqOMOxJ+Nw4qN/zJAaOQBcJ7KGkWStqQ==}
    engines: {node: '>=20.0.0'}

  '@firebase/webchannel-wrapper@1.0.5':
    resolution: {integrity: sha512-+uGNN7rkfn41HLO0vekTFhTxk61eKa8mTpRGLO0QSqlQdKvIoGAvLp3ppdVIWbTGYJWM6Kp0iN+PjMIOcnVqTw==}

  '@grpc/grpc-js@1.9.15':
    resolution: {integrity: sha512-nqE7Hc0AzI+euzUwDAy0aY5hCp10r734gMGRdU+qOPX0XSceI2ULrcXB5U2xSc5VkWwalCj4M7GzCAygZl2KoQ==}
    engines: {node: ^8.13.0 || >=10.10.0}

  '@grpc/proto-loader@0.7.15':
    resolution: {integrity: sha512-tMXdRCfYVixjuFK+Hk0Q1s38gV9zDiDJfWL3h1rv4Qc39oILCu1TRTDt7+fGUI8K4G1Fj125Hx/ru3azECWTyQ==}
    engines: {node: '>=6'}
    hasBin: true

  '@protobufjs/aspromise@1.1.2':
    resolution: {integrity: sha512-j+gKExEuLmKwvz3OgROXtrJ2UG2x8Ch2YZUxahh+s1F2HZ+wAceUNLkvy6zKCPVRkU++ZWQrdxsUeQXmcg4uoQ==}

  '@protobufjs/base64@1.1.2':
    resolution: {integrity: sha512-AZkcAA5vnN/v4PDqKyMR5lx7hZttPDgClv83E//FMNhR2TMcLUhfRUBHCmSl0oi9zMgDDqRUJkSxO3wm85+XLg==}

  '@protobufjs/codegen@2.0.4':
    resolution: {integrity: sha512-YyFaikqM5sH0ziFZCN3xDC7zeGaB/d0IUb9CATugHWbd1FRFwWwt4ld4OYMPWu5a3Xe01mGAULCdqhMlPl29Jg==}

  '@protobufjs/eventemitter@1.1.0':
    resolution: {integrity: sha512-j9ednRT81vYJ9OfVuXG6ERSTdEL1xVsNgqpkxMsbIabzSo3goCjDIveeGv5d03om39ML71RdmrGNjG5SReBP/Q==}

  '@protobufjs/fetch@1.1.0':
    resolution: {integrity: sha512-lljVXpqXebpsijW71PZaCYeIcE5on1w5DlQy5WH6GLbFryLUrBD4932W/E2BSpfRJWseIL4v/KPgBFxDOIdKpQ==}

  '@protobufjs/float@1.0.2':
    resolution: {integrity: sha512-Ddb+kVXlXst9d+R9PfTIxh1EdNkgoRe5tOX6t01f1lYWOvJnSPDBlG241QLzcyPdoNTsblLUdujGSE4RzrTZGQ==}

  '@protobufjs/inquire@1.1.0':
    resolution: {integrity: sha512-kdSefcPdruJiFMVSbn801t4vFK7KB/5gd2fYvrxhuJYg8ILrmn9SKSX2tZdV6V+ksulWqS7aXjBcRXl3wHoD9Q==}

  '@protobufjs/path@1.1.2':
    resolution: {integrity: sha512-6JOcJ5Tm08dOHAbdR3GrvP+yUUfkjG5ePsHYczMFLq3ZmMkAD98cDgcT2iA1lJ9NVwFd4tH/iSSoe44YWkltEA==}

  '@protobufjs/pool@1.1.0':
    resolution: {integrity: sha512-0kELaGSIDBKvcgS4zkjz1PeddatrjYcmMWOlAuAPwAeccUrPHdUqo/J6LiymHHEiJT5NrF1UVwxY14f+fy4WQw==}

  '@protobufjs/utf8@1.1.0':
    resolution: {integrity: sha512-Vvn3zZrhQZkkBE8LSuW3em98c0FwgO4nxzv6OdSxPKJIEKY2bGbHn+mhGIPerzI4twdxaP8/0+06HBpwf345Lw==}

  '@types/node@24.10.0':
    resolution: {integrity: sha512-qzQZRBqkFsYyaSWXuEHc2WR9c0a0CXwiE5FWUvn7ZM+vdy1uZLfCunD38UzhuB7YN/J11ndbDBcTmOdxJo9Q7A==}

  ansi-regex@5.0.1:
    resolution: {integrity: sha512-quJQXlTSUGL2LH9SUXo8VwsY4soanhgo6LNSm84E1LBcE8s3O0wpdiRzyR9z/ZZJMlMWv37qOOb9pdJlMUEKFQ==}
    engines: {node: '>=8'}

  ansi-styles@4.3.0:
    resolution: {integrity: sha512-zbB9rCJAT1rbjiVDb2hqKFHNYLxgtk8NURxZ3IZwD3F6NtxbXZQCnnSi1Lkx+IDohdPlFp222wVALIheZJQSEg==}
    engines: {node: '>=8'}

  cliui@8.0.1:
    resolution: {integrity: sha512-BSeNnyus75C4//NQ9gQt1/csTXyo/8Sb+afLAkzAptFuMsod9HFokGNudZpi/oQV73hnVK+sR+5PVRMd+Dr7YQ==}
    engines: {node: '>=12'}

  color-convert@2.0.1:
    resolution: {integrity: sha512-RRECPsj7iu/xb5oKYcsFHSppFNnsj/52OVTRKb4zP5onXwVF3zVmmToNcOfGC+CRDpfK/U584fMg38ZHCaElKQ==}
    engines: {node: '>=7.0.0'}

  color-name@1.1.4:
    resolution: {integrity: sha512-dOy+3AuW3a2wNbZHIuMZpTcgjGuLU/uBL/ubcZF9OXbDo8ff4O8yVp5Bf0efS8uEoYo5q4Fx7dY9OgQGXgAsQA==}

  emoji-regex@8.0.0:
    resolution: {integrity: sha512-MSjYzcWNOA0ewAHpz0MxpYFvwg6yjy1NG3xteoqz644VCo/RPgnr1/GGt+ic3iJTzQ8Eu3TdM14SawnVUmGE6A==}

  escalade@3.2.0:
    resolution: {integrity: sha512-WUj2qlxaQtO4g6Pq5c29GTcWGDyd8itL8zTlipgECz3JesAiiOKotd8JU6otB3PACgG6xkJUyVhboMS+bje/jA==}
    engines: {node: '>=6'}

  faye-websocket@0.11.4:
    resolution: {integrity: sha512-CzbClwlXAuiRQAlUyfqPgvPoNKTckTPGfwZV4ZdAhVcP2lh9KUxJg2b5GkE7XbjKQ3YJnQ9z6D9ntLAlB+tP8g==}
    engines: {node: '>=0.8.0'}

  firebase@12.5.0:
    resolution: {integrity: sha512-Ak8JcpH7FL6kiv0STwkv5+3CYEROO9iFWSx7OCZVvc4kIIABAIyAGs1mPGaHRxGUIApFZdMCXA7baq17uS6Mow==}

  get-caller-file@2.0.5:
    resolution: {integrity: sha512-DyFP3BM/3YHTQOCUL/w0OZHR0lpKeGrxotcHWcqNEdnltqFwXVfhEBQ94eIo34AfQpo0rGki4cyIiftY06h2Fg==}
    engines: {node: 6.* || 8.* || >= 10.*}

  http-parser-js@0.5.10:
    resolution: {integrity: sha512-Pysuw9XpUq5dVc/2SMHpuTY01RFl8fttgcyunjL7eEMhGM3cI4eOmiCycJDVCo/7O7ClfQD3SaI6ftDzqOXYMA==}

  idb@7.1.1:
    resolution: {integrity: sha512-gchesWBzyvGHRO9W8tzUWFDycow5gwjvFKfyV9FF32Y7F50yZMp7mP+T2mJIWFx49zicqyC4uefHM17o6xKIVQ==}

  is-fullwidth-code-point@3.0.0:
    resolution: {integrity: sha512-zymm5+u+sCsSWyD9qNaejV3DFvhCKclKdizYaJUuHA83RLjb7nSuGnddCHGv0hk+KY7BMAlsWeK4Ueg6EV6XQg==}
    engines: {node: '>=8'}

  lodash.camelcase@4.3.0:
    resolution: {integrity: sha512-TwuEnCnxbc3rAvhf/LbG7tJUDzhqXyFnv3dtzLOPgCG/hODL7WFnsbwktkD7yUV0RrreP/l1PALq/YSg6VvjlA==}

  long@5.3.2:
    resolution: {integrity: sha512-mNAgZ1GmyNhD7AuqnTG3/VQ26o760+ZYBPKjPvugO8+nLbYfX6TVpJPseBvopbdY+qpZ/lKUnmEc1LeZYS3QAA==}

  protobufjs@7.5.4:
    resolution: {integrity: sha512-CvexbZtbov6jW2eXAvLukXjXUW1TzFaivC46BpWc/3BpcCysb5Vffu+B3XHMm8lVEuy2Mm4XGex8hBSg1yapPg==}
    engines: {node: '>=12.0.0'}

  require-directory@2.1.1:
    resolution: {integrity: sha512-fGxEI7+wsG9xrvdjsrlmL22OMTTiHRwAMroiEeMgq8gzoLC/PQr7RsRDSTLUg/bZAZtF+TVIkHc6/4RIKrui+Q==}
    engines: {node: '>=0.10.0'}

  safe-buffer@5.2.1:
    resolution: {integrity: sha512-rp3So07KcdmmKbGvgaNxQSJr7bGVSVk5S9Eq1F+ppbRo70+YeaDxkw5Dd8NPN+GD6bjnYm2VuPuCXmpuYvmCXQ==}

  string-width@4.2.3:
    resolution: {integrity: sha512-wKyQRQpjJ0sIp62ErSZdGsjMJWsap5oRNihHhu6G7JVO/9jIB6UyevL+tXuOqrng8j/cxKTWyWUwvSTriiZz/g==}
    engines: {node: '>=8'}

  strip-ansi@6.0.1:
    resolution: {integrity: sha512-Y38VPSHcqkFrCpFnQ9vuSXmquuv5oXOKpGeT6aGrr3o3Gc9AlVa6JBfUSOCnbxGGZF+/0ooI7KrPuUSztUdU5A==}
    engines: {node: '>=8'}

  tslib@2.8.1:
    resolution: {integrity: sha512-oJFu94HQb+KVduSUQL7wnpmqnfmLsOA/nAh6b6EH0wCEoK0/mPeXU6c3wKDV83MkOuHPRHtSXKKU99IBazS/2w==}

  undici-types@7.16.0:
    resolution: {integrity: sha512-Zz+aZWSj8LE6zoxD+xrjh4VfkIG8Ya6LvYkZqtUQGJPZjYl53ypCaUwWqo7eI0x66KBGeRo+mlBEkMSeSZ38Nw==}

  web-vitals@4.2.4:
    resolution: {integrity: sha512-r4DIlprAGwJ7YM11VZp4R884m0Vmgr6EAKe3P+kO0PPj3Unqyvv59rczf6UiGcb9Z8QxZVcqKNwv/g0WNdWwsw==}

  websocket-driver@0.7.4:
    resolution: {integrity: sha512-b17KeDIQVjvb0ssuSDF2cYXSg2iztliJ4B9WdsuB6J952qCPKmnVq4DyW5motImXHDC1cBT/1UezrJVsKw5zjg==}
    engines: {node: '>=0.8.0'}

  websocket-extensions@0.1.4:
    resolution: {integrity: sha512-OqedPIGOfsDlo31UNwYbCFMSaO9m9G/0faIHj5/dZFDMFqPTcx6UwqyOy3COEaEOg/9VsGIpdqn62W5KhoKSpg==}
    engines: {node: '>=0.8.0'}

  wrap-ansi@7.0.0:
    resolution: {integrity: sha512-YVGIj2kamLSTxw6NsZjoBxfSwsn0ycdesmc4p+Q21c5zPuZ1pl+NfxVdxPtdHvmNVOQ6XSYG4AUtyt/Fi7D16Q==}
    engines: {node: '>=10'}

  y18n@5.0.8:
    resolution: {integrity: sha512-0pfFzegeDWJHJIAmTLRP2DwHjdF5s7jo9tuztdQxAhINCdvS+3nGINqPd00AphqJR/0LhANUS6/+7SCb98YOfA==}
    engines: {node: '>=10'}

  yargs-parser@21.1.1:
    resolution: {integrity: sha512-tVpsJW7DdjecAiFpbIB1e3qxIQsE6NoPc5/eTdrbbIC4h0LVsWhnoa3g+m2HclBIujHzsxZ4VJVA+GUuc2/LBw==}
    engines: {node: '>=12'}

  yargs@17.7.2:
    resolution: {integrity: sha512-7dSzzRQ++CKnNI/krKnYRV7JKKPUXMEh61soaHKg9mrWEhzFWhFnxPxGl+69cD1Ou63C13NUPCnmIcrvqCuM6w==}
    engines: {node: '>=12'}

snapshots:

  '@firebase/ai@2.5.0(@firebase/app-types@0.9.3)(@firebase/app@0.14.5)':
    dependencies:
      '@firebase/app': 0.14.5
      '@firebase/app-check-interop-types': 0.3.3
      '@firebase/app-types': 0.9.3
      '@firebase/component': 0.7.0
      '@firebase/logger': 0.5.0
      '@firebase/util': 1.13.0
      tslib: 2.8.1

  '@firebase/analytics-compat@0.2.25(@firebase/app-compat@0.5.5)(@firebase/app@0.14.5)':
    dependencies:
      '@firebase/analytics': 0.10.19(@firebase/app@0.14.5)
      '@firebase/analytics-types': 0.8.3
      '@firebase/app-compat': 0.5.5
      '@firebase/component': 0.7.0
      '@firebase/util': 1.13.0
      tslib: 2.8.1
    transitivePeerDependencies:
      - '@firebase/app'

  '@firebase/analytics-types@0.8.3': {}

  '@firebase/analytics@0.10.19(@firebase/app@0.14.5)':
    dependencies:
      '@firebase/app': 0.14.5
      '@firebase/component': 0.7.0
      '@firebase/installations': 0.6.19(@firebase/app@0.14.5)
      '@firebase/logger': 0.5.0
      '@firebase/util': 1.13.0
      tslib: 2.8.1

  '@firebase/app-check-compat@0.4.0(@firebase/app-compat@0.5.5)(@firebase/app@0.14.5)':
    dependencies:
      '@firebase/app-check': 0.11.0(@firebase/app@0.14.5)
      '@firebase/app-check-types': 0.5.3
      '@firebase/app-compat': 0.5.5
      '@firebase/component': 0.7.0
      '@firebase/logger': 0.5.0
      '@firebase/util': 1.13.0
      tslib: 2.8.1
    transitivePeerDependencies:
      - '@firebase/app'

  '@firebase/app-check-interop-types@0.3.3': {}

  '@firebase/app-check-types@0.5.3': {}

  '@firebase/app-check@0.11.0(@firebase/app@0.14.5)':
    dependencies:
      '@firebase/app': 0.14.5
      '@firebase/component': 0.7.0
      '@firebase/logger': 0.5.0
      '@firebase/util': 1.13.0
      tslib: 2.8.1

  '@firebase/app-compat@0.5.5':
    dependencies:
      '@firebase/app': 0.14.5
      '@firebase/component': 0.7.0
      '@firebase/logger': 0.5.0
      '@firebase/util': 1.13.0
      tslib: 2.8.1

  '@firebase/app-types@0.9.3': {}

  '@firebase/app@0.14.5':
    dependencies:
      '@firebase/component': 0.7.0
      '@firebase/logger': 0.5.0
      '@firebase/util': 1.13.0
      idb: 7.1.1
      tslib: 2.8.1

  '@firebase/auth-compat@0.6.1(@firebase/app-compat@0.5.5)(@firebase/app-types@0.9.3)(@firebase/app@0.14.5)':
    dependencies:
      '@firebase/app-compat': 0.5.5
      '@firebase/auth': 1.11.1(@firebase/app@0.14.5)
      '@firebase/auth-types': 0.13.0(@firebase/app-types@0.9.3)(@firebase/util@1.13.0)
      '@firebase/component': 0.7.0
      '@firebase/util': 1.13.0
      tslib: 2.8.1
    transitivePeerDependencies:
      - '@firebase/app'
      - '@firebase/app-types'
      - '@react-native-async-storage/async-storage'

  '@firebase/auth-interop-types@0.2.4': {}

  '@firebase/auth-types@0.13.0(@firebase/app-types@0.9.3)(@firebase/util@1.13.0)':
    dependencies:
      '@firebase/app-types': 0.9.3
      '@firebase/util': 1.13.0

  '@firebase/auth@1.11.1(@firebase/app@0.14.5)':
    dependencies:
      '@firebase/app': 0.14.5
      '@firebase/component': 0.7.0
      '@firebase/logger': 0.5.0
      '@firebase/util': 1.13.0
      tslib: 2.8.1

  '@firebase/component@0.7.0':
    dependencies:
      '@firebase/util': 1.13.0
      tslib: 2.8.1

  '@firebase/data-connect@0.3.11(@firebase/app@0.14.5)':
    dependencies:
      '@firebase/app': 0.14.5
      '@firebase/auth-interop-types': 0.2.4
      '@firebase/component': 0.7.0
      '@firebase/logger': 0.5.0
      '@firebase/util': 1.13.0
      tslib: 2.8.1

  '@firebase/database-compat@2.1.0':
    dependencies:
      '@firebase/component': 0.7.0
      '@firebase/database': 1.1.0
      '@firebase/database-types': 1.0.16
      '@firebase/logger': 0.5.0
      '@firebase/util': 1.13.0
      tslib: 2.8.1

  '@firebase/database-types@1.0.16':
    dependencies:
      '@firebase/app-types': 0.9.3
      '@firebase/util': 1.13.0

  '@firebase/database@1.1.0':
    dependencies:
      '@firebase/app-check-interop-types': 0.3.3
      '@firebase/auth-interop-types': 0.2.4
      '@firebase/component': 0.7.0
      '@firebase/logger': 0.5.0
      '@firebase/util': 1.13.0
      faye-websocket: 0.11.4
      tslib: 2.8.1

  '@firebase/firestore-compat@0.4.2(@firebase/app-compat@0.5.5)(@firebase/app-types@0.9.3)(@firebase/app@0.14.5)':
    dependencies:
      '@firebase/app-compat': 0.5.5
      '@firebase/component': 0.7.0
      '@firebase/firestore': 4.9.2(@firebase/app@0.14.5)
      '@firebase/firestore-types': 3.0.3(@firebase/app-types@0.9.3)(@firebase/util@1.13.0)
      '@firebase/util': 1.13.0
      tslib: 2.8.1
    transitivePeerDependencies:
      - '@firebase/app'
      - '@firebase/app-types'

  '@firebase/firestore-types@3.0.3(@firebase/app-types@0.9.3)(@firebase/util@1.13.0)':
    dependencies:
      '@firebase/app-types': 0.9.3
      '@firebase/util': 1.13.0

  '@firebase/firestore@4.9.2(@firebase/app@0.14.5)':
    dependencies:
      '@firebase/app': 0.14.5
      '@firebase/component': 0.7.0
      '@firebase/logger': 0.5.0
      '@firebase/util': 1.13.0
      '@firebase/webchannel-wrapper': 1.0.5
      '@grpc/grpc-js': 1.9.15
      '@grpc/proto-loader': 0.7.15
      tslib: 2.8.1

  '@firebase/functions-compat@0.4.1(@firebase/app-compat@0.5.5)(@firebase/app@0.14.5)':
    dependencies:
      '@firebase/app-compat': 0.5.5
      '@firebase/component': 0.7.0
      '@firebase/functions': 0.13.1(@firebase/app@0.14.5)
      '@firebase/functions-types': 0.6.3
      '@firebase/util': 1.13.0
      tslib: 2.8.1
    transitivePeerDependencies:
      - '@firebase/app'

  '@firebase/functions-types@0.6.3': {}

  '@firebase/functions@0.13.1(@firebase/app@0.14.5)':
    dependencies:
      '@firebase/app': 0.14.5
      '@firebase/app-check-interop-types': 0.3.3
      '@firebase/auth-interop-types': 0.2.4
      '@firebase/component': 0.7.0
      '@firebase/messaging-interop-types': 0.2.3
      '@firebase/util': 1.13.0
      tslib: 2.8.1

  '@firebase/installations-compat@0.2.19(@firebase/app-compat@0.5.5)(@firebase/app-types@0.9.3)(@firebase/app@0.14.5)':
    dependencies:
      '@firebase/app-compat': 0.5.5
      '@firebase/component': 0.7.0
      '@firebase/installations': 0.6.19(@firebase/app@0.14.5)
      '@firebase/installations-types': 0.5.3(@firebase/app-types@0.9.3)
      '@firebase/util': 1.13.0
      tslib: 2.8.1
    transitivePeerDependencies:
      - '@firebase/app'
      - '@firebase/app-types'

  '@firebase/installations-types@0.5.3(@firebase/app-types@0.9.3)':
    dependencies:
      '@firebase/app-types': 0.9.3

  '@firebase/installations@0.6.19(@firebase/app@0.14.5)':
    dependencies:
      '@firebase/app': 0.14.5
      '@firebase/component': 0.7.0
      '@firebase/util': 1.13.0
      idb: 7.1.1
      tslib: 2.8.1

  '@firebase/logger@0.5.0':
    dependencies:
      tslib: 2.8.1

  '@firebase/messaging-compat@0.2.23(@firebase/app-compat@0.5.5)(@firebase/app@0.14.5)':
    dependencies:
      '@firebase/app-compat': 0.5.5
      '@firebase/component': 0.7.0
      '@firebase/messaging': 0.12.23(@firebase/app@0.14.5)
      '@firebase/util': 1.13.0
      tslib: 2.8.1
    transitivePeerDependencies:
      - '@firebase/app'

  '@firebase/messaging-interop-types@0.2.3': {}

  '@firebase/messaging@0.12.23(@firebase/app@0.14.5)':
    dependencies:
      '@firebase/app': 0.14.5
      '@firebase/component': 0.7.0
      '@firebase/installations': 0.6.19(@firebase/app@0.14.5)
      '@firebase/messaging-interop-types': 0.2.3
      '@firebase/util': 1.13.0
      idb: 7.1.1
      tslib: 2.8.1

  '@firebase/performance-compat@0.2.22(@firebase/app-compat@0.5.5)(@firebase/app@0.14.5)':
    dependencies:
      '@firebase/app-compat': 0.5.5
      '@firebase/component': 0.7.0
      '@firebase/logger': 0.5.0
      '@firebase/performance': 0.7.9(@firebase/app@0.14.5)
      '@firebase/performance-types': 0.2.3
      '@firebase/util': 1.13.0
      tslib: 2.8.1
    transitivePeerDependencies:
      - '@firebase/app'

  '@firebase/performance-types@0.2.3': {}

  '@firebase/performance@0.7.9(@firebase/app@0.14.5)':
    dependencies:
      '@firebase/app': 0.14.5
      '@firebase/component': 0.7.0
      '@firebase/installations': 0.6.19(@firebase/app@0.14.5)
      '@firebase/logger': 0.5.0
      '@firebase/util': 1.13.0
      tslib: 2.8.1
      web-vitals: 4.2.4

  '@firebase/remote-config-compat@0.2.20(@firebase/app-compat@0.5.5)(@firebase/app@0.14.5)':
    dependencies:
      '@firebase/app-compat': 0.5.5
      '@firebase/component': 0.7.0
      '@firebase/logger': 0.5.0
      '@firebase/remote-config': 0.7.0(@firebase/app@0.14.5)
      '@firebase/remote-config-types': 0.5.0
      '@firebase/util': 1.13.0
      tslib: 2.8.1
    transitivePeerDependencies:
      - '@firebase/app'

  '@firebase/remote-config-types@0.5.0': {}

  '@firebase/remote-config@0.7.0(@firebase/app@0.14.5)':
    dependencies:
      '@firebase/app': 0.14.5
      '@firebase/component': 0.7.0
      '@firebase/installations': 0.6.19(@firebase/app@0.14.5)
      '@firebase/logger': 0.5.0
      '@firebase/util': 1.13.0
      tslib: 2.8.1

  '@firebase/storage-compat@0.4.0(@firebase/app-compat@0.5.5)(@firebase/app-types@0.9.3)(@firebase/app@0.14.5)':
    dependencies:
      '@firebase/app-compat': 0.5.5
      '@firebase/component': 0.7.0
      '@firebase/storage': 0.14.0(@firebase/app@0.14.5)
      '@firebase/storage-types': 0.8.3(@firebase/app-types@0.9.3)(@firebase/util@1.13.0)
      '@firebase/util': 1.13.0
      tslib: 2.8.1
    transitivePeerDependencies:
      - '@firebase/app'
      - '@firebase/app-types'

  '@firebase/storage-types@0.8.3(@firebase/app-types@0.9.3)(@firebase/util@1.13.0)':
    dependencies:
      '@firebase/app-types': 0.9.3
      '@firebase/util': 1.13.0

  '@firebase/storage@0.14.0(@firebase/app@0.14.5)':
    dependencies:
      '@firebase/app': 0.14.5
      '@firebase/component': 0.7.0
      '@firebase/util': 1.13.0
      tslib: 2.8.1

  '@firebase/util@1.13.0':
    dependencies:
      tslib: 2.8.1

  '@firebase/webchannel-wrapper@1.0.5': {}

  '@grpc/grpc-js@1.9.15':
    dependencies:
      '@grpc/proto-loader': 0.7.15
      '@types/node': 24.10.0

  '@grpc/proto-loader@0.7.15':
    dependencies:
      lodash.camelcase: 4.3.0
      long: 5.3.2
      protobufjs: 7.5.4
      yargs: 17.7.2

  '@protobufjs/aspromise@1.1.2': {}

  '@protobufjs/base64@1.1.2': {}

  '@protobufjs/codegen@2.0.4': {}

  '@protobufjs/eventemitter@1.1.0': {}

  '@protobufjs/fetch@1.1.0':
    dependencies:
      '@protobufjs/aspromise': 1.1.2
      '@protobufjs/inquire': 1.1.0

  '@protobufjs/float@1.0.2': {}

  '@protobufjs/inquire@1.1.0': {}

  '@protobufjs/path@1.1.2': {}

  '@protobufjs/pool@1.1.0': {}

  '@protobufjs/utf8@1.1.0': {}

  '@types/node@24.10.0':
    dependencies:
      undici-types: 7.16.0

  ansi-regex@5.0.1: {}

  ansi-styles@4.3.0:
    dependencies:
      color-convert: 2.0.1

  cliui@8.0.1:
    dependencies:
      string-width: 4.2.3
      strip-ansi: 6.0.1
      wrap-ansi: 7.0.0

  color-convert@2.0.1:
    dependencies:
      color-name: 1.1.4

  color-name@1.1.4: {}

  emoji-regex@8.0.0: {}

  escalade@3.2.0: {}

  faye-websocket@0.11.4:
    dependencies:
      websocket-driver: 0.7.4

  firebase@12.5.0:
    dependencies:
      '@firebase/ai': 2.5.0(@firebase/app-types@0.9.3)(@firebase/app@0.14.5)
      '@firebase/analytics': 0.10.19(@firebase/app@0.14.5)
      '@firebase/analytics-compat': 0.2.25(@firebase/app-compat@0.5.5)(@firebase/app@0.14.5)
      '@firebase/app': 0.14.5
      '@firebase/app-check': 0.11.0(@firebase/app@0.14.5)
      '@firebase/app-check-compat': 0.4.0(@firebase/app-compat@0.5.5)(@firebase/app@0.14.5)
      '@firebase/app-compat': 0.5.5
      '@firebase/app-types': 0.9.3
      '@firebase/auth': 1.11.1(@firebase/app@0.14.5)
      '@firebase/auth-compat': 0.6.1(@firebase/app-compat@0.5.5)(@firebase/app-types@0.9.3)(@firebase/app@0.14.5)
      '@firebase/data-connect': 0.3.11(@firebase/app@0.14.5)
      '@firebase/database': 1.1.0
      '@firebase/database-compat': 2.1.0
      '@firebase/firestore': 4.9.2(@firebase/app@0.14.5)
      '@firebase/firestore-compat': 0.4.2(@firebase/app-compat@0.5.5)(@firebase/app-types@0.9.3)(@firebase/app@0.14.5)
      '@firebase/functions': 0.13.1(@firebase/app@0.14.5)
      '@firebase/functions-compat': 0.4.1(@firebase/app-compat@0.5.5)(@firebase/app@0.14.5)
      '@firebase/installations': 0.6.19(@firebase/app@0.14.5)
      '@firebase/installations-compat': 0.2.19(@firebase/app-compat@0.5.5)(@firebase/app-types@0.9.3)(@firebase/app@0.14.5)
      '@firebase/messaging': 0.12.23(@firebase/app@0.14.5)
      '@firebase/messaging-compat': 0.2.23(@firebase/app-compat@0.5.5)(@firebase/app@0.14.5)
      '@firebase/performance': 0.7.9(@firebase/app@0.14.5)
      '@firebase/performance-compat': 0.2.22(@firebase/app-compat@0.5.5)(@firebase/app@0.14.5)
      '@firebase/remote-config': 0.7.0(@firebase/app@0.14.5)
      '@firebase/remote-config-compat': 0.2.20(@firebase/app-compat@0.5.5)(@firebase/app@0.14.5)
      '@firebase/storage': 0.14.0(@firebase/app@0.14.5)
      '@firebase/storage-compat': 0.4.0(@firebase/app-compat@0.5.5)(@firebase/app-types@0.9.3)(@firebase/app@0.14.5)
      '@firebase/util': 1.13.0
    transitivePeerDependencies:
      - '@react-native-async-storage/async-storage'

  get-caller-file@2.0.5: {}

  http-parser-js@0.5.10: {}

  idb@7.1.1: {}

  is-fullwidth-code-point@3.0.0: {}

  lodash.camelcase@4.3.0: {}

  long@5.3.2: {}

  protobufjs@7.5.4:
    dependencies:
      '@protobufjs/aspromise': 1.1.2
      '@protobufjs/base64': 1.1.2
      '@protobufjs/codegen': 2.0.4
      '@protobufjs/eventemitter': 1.1.0
      '@protobufjs/fetch': 1.1.0
      '@protobufjs/float': 1.0.2
      '@protobufjs/inquire': 1.1.0
      '@protobufjs/path': 1.1.2
      '@protobufjs/pool': 1.1.0
      '@protobufjs/utf8': 1.1.0
      '@types/node': 24.10.0
      long: 5.3.2

  require-directory@2.1.1: {}

  safe-buffer@5.2.1: {}

  string-width@4.2.3:
    dependencies:
      emoji-regex: 8.0.0
      is-fullwidth-code-point: 3.0.0
      strip-ansi: 6.0.1

  strip-ansi@6.0.1:
    dependencies:
      ansi-regex: 5.0.1

  tslib@2.8.1: {}

  undici-types@7.16.0: {}

  web-vitals@4.2.4: {}

  websocket-driver@0.7.4:
    dependencies:
      http-parser-js: 0.5.10
      safe-buffer: 5.2.1
      websocket-extensions: 0.1.4

  websocket-extensions@0.1.4: {}

  wrap-ansi@7.0.0:
    dependencies:
      ansi-styles: 4.3.0
      string-width: 4.2.3
      strip-ansi: 6.0.1

  y18n@5.0.8: {}

  yargs-parser@21.1.1: {}

  yargs@17.7.2:
    dependencies:
      cliui: 8.0.1
      escalade: 3.2.0
      get-caller-file: 2.0.5
      require-directory: 2.1.1
      string-width: 4.2.3
      y18n: 5.0.8
      yargs-parser: 21.1.1
